
Microsoft Visual Studio Solution File, Format Version 12.00
# Visual Studio Version 17
VisualStudioVersion = 17.12.35527.113
MinimumVisualStudioVersion = 10.0.40219.1
Project("{FAE04EC0-301F-11D3-BF4B-00C04F79EFBC}") = "Entities", "Entities\Entities.csproj", "{AB801DF4-D2AB-4FAF-9C92-FC7947B3CBB0}"
EndProject
Project("{FAE04EC0-301F-11D3-BF4B-00C04F79EFBC}") = "DataAccess", "DataAccess\DataAccess.csproj", "{B82CBC71-D269-4085-96F9-FE070A6EAF8C}"
EndProject
Project("{FAE04EC0-301F-11D3-BF4B-00C04F79EFBC}") = "Business", "Business\Business.csproj", "{A9730C64-6448-4BC2-BC2A-A1D4553E33D6}"
EndProject
Project("{FAE04EC0-301F-11D3-BF4B-00C04F79EFBC}") = "WebAPI", "WebAPI\WebAPI.csproj", "{A53BB96E-C29A-413E-A332-6CEA0B0A004B}"
EndProject
Project("{FAE04EC0-301F-11D3-BF4B-00C04F79EFBC}") = "Core", "Core\Core.csproj", "{4FBA4AD2-5037-4FD7-8ED2-ADE52E186F3D}"
EndProject
Global
	GlobalSection(SolutionConfigurationPlatforms) = preSolution
		Debug|Any CPU = Debug|Any CPU
		Release|Any CPU = Release|Any CPU
	EndGlobalSection
	GlobalSection(ProjectConfigurationPlatforms) = postSolution
		{AB801DF4-D2AB-4FAF-9C92-FC7947B3CBB0}.Debug|Any CPU.ActiveCfg = Debug|Any CPU
		{AB801DF4-D2AB-4FAF-9C92-FC7947B3CBB0}.Debug|Any CPU.Build.0 = Debug|Any CPU
		{AB801DF4-D2AB-4FAF-9C92-FC7947B3CBB0}.Release|Any CPU.ActiveCfg = Release|Any CPU
		{AB801DF4-D2AB-4FAF-9C92-FC7947B3CBB0}.Release|Any CPU.Build.0 = Release|Any CPU
		{B82CBC71-D269-4085-96F9-FE070A6EAF8C}.Debug|Any CPU.ActiveCfg = Debug|Any CPU
		{B82CBC71-D269-4085-96F9-FE070A6EAF8C}.Debug|Any CPU.Build.0 = Debug|Any CPU
		{B82CBC71-D269-4085-96F9-FE070A6EAF8C}.Release|Any CPU.ActiveCfg = Release|Any CPU
		{B82CBC71-D269-4085-96F9-FE070A6EAF8C}.Release|Any CPU.Build.0 = Release|Any CPU
		{A9730C64-6448-4BC2-BC2A-A1D4553E33D6}.Debug|Any CPU.ActiveCfg = Debug|Any CPU
		{A9730C64-6448-4BC2-BC2A-A1D4553E33D6}.Debug|Any CPU.Build.0 = Debug|Any CPU
		{A9730C64-6448-4BC2-BC2A-A1D4553E33D6}.Release|Any CPU.ActiveCfg = Release|Any CPU
		{A9730C64-6448-4BC2-BC2A-A1D4553E33D6}.Release|Any CPU.Build.0 = Release|Any CPU
		{A53BB96E-C29A-413E-A332-6CEA0B0A004B}.Debug|Any CPU.ActiveCfg = Debug|Any CPU
		{A53BB96E-C29A-413E-A332-6CEA0B0A004B}.Debug|Any CPU.Build.0 = Debug|Any CPU
		{A53BB96E-C29A-413E-A332-6CEA0B0A004B}.Release|Any CPU.ActiveCfg = Release|Any CPU
		{A53BB96E-C29A-413E-A332-6CEA0B0A004B}.Release|Any CPU.Build.0 = Release|Any CPU
		{4FBA4AD2-5037-4FD7-8ED2-ADE52E186F3D}.Debug|Any CPU.ActiveCfg = Debug|Any CPU
		{4FBA4AD2-5037-4FD7-8ED2-ADE52E186F3D}.Debug|Any CPU.Build.0 = Debug|Any CPU
		{4FBA4AD2-5037-4FD7-8ED2-ADE52E186F3D}.Release|Any CPU.ActiveCfg = Release|Any CPU
		{4FBA4AD2-5037-4FD7-8ED2-ADE52E186F3D}.Release|Any CPU.Build.0 = Release|Any CPU
	EndGlobalSection
	GlobalSection(SolutionProperties) = preSolution
		HideSolutionNode = FALSE
	EndGlobalSection
EndGlobal
